
Microsoft Visual Studio Solution File, Format Version 12.00
# Visual Studio Version 17
VisualStudioVersion = 17.6.33801.468
MinimumVisualStudioVersion = 10.0.40219.1
Project("{FAE04EC0-301F-11D3-BF4B-00C04F79EFBC}") = "PouleSimulator", "PouleSimulator\PouleSimulator.csproj", "{FA3D9D31-5A04-4D7A-80D4-DAACD50C8B5A}"
EndProject
Project("{FAE04EC0-301F-11D3-BF4B-00C04F79EFBC}") = "WK Poule Simulator", "WK Poule Simulator\WK Poule Simulator.csproj", "{1BDD3078-430B-4422-801A-3876D2AD5EFC}"
EndProject
Global
	GlobalSection(SolutionConfigurationPlatforms) = preSolution
		Debug|Any CPU = Debug|Any CPU
		Release|Any CPU = Release|Any CPU
	EndGlobalSection
	GlobalSection(ProjectConfigurationPlatforms) = postSolution
		{FA3D9D31-5A04-4D7A-80D4-DAACD50C8B5A}.Debug|Any CPU.ActiveCfg = Debug|Any CPU
		{FA3D9D31-5A04-4D7A-80D4-DAACD50C8B5A}.Debug|Any CPU.Build.0 = Debug|Any CPU
		{FA3D9D31-5A04-4D7A-80D4-DAACD50C8B5A}.Release|Any CPU.ActiveCfg = Release|Any CPU
		{FA3D9D31-5A04-4D7A-80D4-DAACD50C8B5A}.Release|Any CPU.Build.0 = Release|Any CPU
		{1BDD3078-430B-4422-801A-3876D2AD5EFC}.Debug|Any CPU.ActiveCfg = Debug|Any CPU
		{1BDD3078-430B-4422-801A-3876D2AD5EFC}.Debug|Any CPU.Build.0 = Debug|Any CPU
		{1BDD3078-430B-4422-801A-3876D2AD5EFC}.Debug|Any CPU.Deploy.0 = Debug|Any CPU
		{1BDD3078-430B-4422-801A-3876D2AD5EFC}.Release|Any CPU.ActiveCfg = Release|Any CPU
		{1BDD3078-430B-4422-801A-3876D2AD5EFC}.Release|Any CPU.Build.0 = Release|Any CPU
		{1BDD3078-430B-4422-801A-3876D2AD5EFC}.Release|Any CPU.Deploy.0 = Release|Any CPU
	EndGlobalSection
	GlobalSection(SolutionProperties) = preSolution
		HideSolutionNode = FALSE
	EndGlobalSection
	GlobalSection(ExtensibilityGlobals) = postSolution
		SolutionGuid = {9CE41E82-F755-4495-AE97-9786B7501BE0}
	EndGlobalSection
EndGlobal
